
Microsoft Visual Studio Solution File, Format Version 12.00
# Visual Studio 15
VisualStudioVersion = 15.0.27004.2005
MinimumVisualStudioVersion = 10.0.40219.1
Project("{9A19103F-16F7-4668-BE54-9A1E7A4F7556}") = "EnvSafe", "src\EnvSafe\EnvSafe.csproj", "{A915728C-3E7F-4274-B459-1C2AE40C782A}"
EndProject
Project("{2150E333-8FDC-42A3-9474-1A3956D46DE8}") = "Examples", "Examples", "{6040A420-B90C-4B1F-9B83-48C58C6A08B7}"
EndProject
Project("{FAE04EC0-301F-11D3-BF4B-00C04F79EFBC}") = "EnvSafe.Example.WebApp", "examples\EnvSafe.Example.WebApp\EnvSafe.Example.WebApp.csproj", "{0D2B47CD-763F-4BE2-828F-2372E51CF567}"
EndProject
Project("{2150E333-8FDC-42A3-9474-1A3956D46DE8}") = "Tests", "Tests", "{57FF7913-FA2B-4725-9A84-A29FBE89643E}"
EndProject
Project("{FAE04EC0-301F-11D3-BF4B-00C04F79EFBC}") = "EnvSafe.Tests", "test\EnvSafe.Tests\EnvSafe.Tests.csproj", "{353528BE-0C08-464C-BADC-64DB1ADCDB0E}"
EndProject
Global
	GlobalSection(SolutionConfigurationPlatforms) = preSolution
		Debug|Any CPU = Debug|Any CPU
		Release|Any CPU = Release|Any CPU
	EndGlobalSection
	GlobalSection(ProjectConfigurationPlatforms) = postSolution
		{A915728C-3E7F-4274-B459-1C2AE40C782A}.Debug|Any CPU.ActiveCfg = Debug|Any CPU
		{A915728C-3E7F-4274-B459-1C2AE40C782A}.Debug|Any CPU.Build.0 = Debug|Any CPU
		{A915728C-3E7F-4274-B459-1C2AE40C782A}.Release|Any CPU.ActiveCfg = Release|Any CPU
		{A915728C-3E7F-4274-B459-1C2AE40C782A}.Release|Any CPU.Build.0 = Release|Any CPU
		{0D2B47CD-763F-4BE2-828F-2372E51CF567}.Debug|Any CPU.ActiveCfg = Debug|Any CPU
		{0D2B47CD-763F-4BE2-828F-2372E51CF567}.Debug|Any CPU.Build.0 = Debug|Any CPU
		{0D2B47CD-763F-4BE2-828F-2372E51CF567}.Release|Any CPU.ActiveCfg = Release|Any CPU
		{0D2B47CD-763F-4BE2-828F-2372E51CF567}.Release|Any CPU.Build.0 = Release|Any CPU
		{353528BE-0C08-464C-BADC-64DB1ADCDB0E}.Debug|Any CPU.ActiveCfg = Debug|Any CPU
		{353528BE-0C08-464C-BADC-64DB1ADCDB0E}.Debug|Any CPU.Build.0 = Debug|Any CPU
		{353528BE-0C08-464C-BADC-64DB1ADCDB0E}.Release|Any CPU.ActiveCfg = Release|Any CPU
		{353528BE-0C08-464C-BADC-64DB1ADCDB0E}.Release|Any CPU.Build.0 = Release|Any CPU
	EndGlobalSection
	GlobalSection(SolutionProperties) = preSolution
		HideSolutionNode = FALSE
	EndGlobalSection
	GlobalSection(NestedProjects) = preSolution
		{0D2B47CD-763F-4BE2-828F-2372E51CF567} = {6040A420-B90C-4B1F-9B83-48C58C6A08B7}
		{353528BE-0C08-464C-BADC-64DB1ADCDB0E} = {57FF7913-FA2B-4725-9A84-A29FBE89643E}
	EndGlobalSection
	GlobalSection(ExtensibilityGlobals) = postSolution
		SolutionGuid = {25CE9653-6193-4B57-AC6B-2E8ABF3A90EE}
	EndGlobalSection
EndGlobal
